// !$*UTF8*$!
{
	archiveVersion = 1;
	classes = {
	};
	objectVersion = 46;
	objects = {

/* Begin PBXBuildFile section */
		1027C8515A17DC5C1E719EA6 /* libPods-IMDBMovies.a in Frameworks */ = {isa = PBXBuildFile; fileRef = 18453B8FC7AA9F37BC748636 /* libPods-IMDBMovies.a */; };
		7A317C1D1A34E14E0048BEA4 /* Social.framework in Frameworks */ = {isa = PBXBuildFile; fileRef = 7A317C1C1A34E14E0048BEA4 /* Social.framework */; };
		7A317C1F1A34E5660048BEA4 /* MessageUI.framework in Frameworks */ = {isa = PBXBuildFile; fileRef = 7A317C1E1A34E5660048BEA4 /* MessageUI.framework */; };
		7A317C211A3502610048BEA4 /* CoreData.framework in Frameworks */ = {isa = PBXBuildFile; fileRef = 7A317C201A3502610048BEA4 /* CoreData.framework */; };
		7A317C241A35D3380048BEA4 /* DataModel.xcdatamodeld in Sources */ = {isa = PBXBuildFile; fileRef = 7A317C221A35D3380048BEA4 /* DataModel.xcdatamodeld */; };
		7A317C271A35D54E0048BEA4 /* Movie.m in Sources */ = {isa = PBXBuildFile; fileRef = 7A317C261A35D54E0048BEA4 /* Movie.m */; };
		7A317C2A1A35E1E50048BEA4 /* HudView.m in Sources */ = {isa = PBXBuildFile; fileRef = 7A317C291A35E1E50048BEA4 /* HudView.m */; };
		7A3942D51A332C660097AF58 /* main.m in Sources */ = {isa = PBXBuildFile; fileRef = 7A3942D41A332C660097AF58 /* main.m */; };
		7A3942D81A332C660097AF58 /* AppDelegate.m in Sources */ = {isa = PBXBuildFile; fileRef = 7A3942D71A332C660097AF58 /* AppDelegate.m */; };
		7A3942DB1A332C660097AF58 /* SearchViewController.m in Sources */ = {isa = PBXBuildFile; fileRef = 7A3942DA1A332C660097AF58 /* SearchViewController.m */; };
		7A3942DE1A332C660097AF58 /* BookmarksViewController.m in Sources */ = {isa = PBXBuildFile; fileRef = 7A3942DD1A332C660097AF58 /* BookmarksViewController.m */; };
		7A3942E11A332C660097AF58 /* Main.storyboard in Resources */ = {isa = PBXBuildFile; fileRef = 7A3942DF1A332C660097AF58 /* Main.storyboard */; };
		7A3942E61A332C660097AF58 /* LaunchScreen.xib in Resources */ = {isa = PBXBuildFile; fileRef = 7A3942E41A332C660097AF58 /* LaunchScreen.xib */; };
		7A3942F21A332C670097AF58 /* IMDBMoviesTests.m in Sources */ = {isa = PBXBuildFile; fileRef = 7A3942F11A332C670097AF58 /* IMDBMoviesTests.m */; };
		7A3942FE1A3331BF0097AF58 /* SearchResultCell.m in Sources */ = {isa = PBXBuildFile; fileRef = 7A3942FC1A3331BF0097AF58 /* SearchResultCell.m */; };
		7A3942FF1A3331BF0097AF58 /* SearchResultCell.xib in Resources */ = {isa = PBXBuildFile; fileRef = 7A3942FD1A3331BF0097AF58 /* SearchResultCell.xib */; };
		7A3943031A3336C70097AF58 /* NothingFoundCell.m in Sources */ = {isa = PBXBuildFile; fileRef = 7A3943011A3336C70097AF58 /* NothingFoundCell.m */; };
		7A3943041A3336C70097AF58 /* NothingFoundCell.xib in Resources */ = {isa = PBXBuildFile; fileRef = 7A3943021A3336C70097AF58 /* NothingFoundCell.xib */; };
		7A3943091A3336DF0097AF58 /* LoadingCell.xib in Resources */ = {isa = PBXBuildFile; fileRef = 7A3943071A3336DF0097AF58 /* LoadingCell.xib */; };
		7A39430C1A33401E0097AF58 /* Search.m in Sources */ = {isa = PBXBuildFile; fileRef = 7A39430B1A33401E0097AF58 /* Search.m */; };
		7A39430F1A33451E0097AF58 /* SearchResult.m in Sources */ = {isa = PBXBuildFile; fileRef = 7A39430E1A33451E0097AF58 /* SearchResult.m */; };
		7ABD78991A35FC02005A8C56 /* NoBookmarksCell.xib in Resources */ = {isa = PBXBuildFile; fileRef = 7ABD78971A35FC02005A8C56 /* NoBookmarksCell.xib */; };
		7ABD789B1A363681005A8C56 /* Images.xcassets in Resources */ = {isa = PBXBuildFile; fileRef = 7ABD789A1A363681005A8C56 /* Images.xcassets */; };
		7ABF19121A33DC1B00995396 /* MovieDetailController.m in Sources */ = {isa = PBXBuildFile; fileRef = 7ABF19111A33DC1B00995396 /* MovieDetailController.m */; };
/* End PBXBuildFile section */

/* Begin PBXContainerItemProxy section */
		7A3942EC1A332C670097AF58 /* PBXContainerItemProxy */ = {
			isa = PBXContainerItemProxy;
			containerPortal = 7A3942C71A332C660097AF58 /* Project object */;
			proxyType = 1;
			remoteGlobalIDString = 7A3942CE1A332C660097AF58;
			remoteInfo = IMDBMovies;
		};
/* End PBXContainerItemProxy section */

/* Begin PBXFileReference section */
		18453B8FC7AA9F37BC748636 /* libPods-IMDBMovies.a */ = {isa = PBXFileReference; explicitFileType = archive.ar; includeInIndex = 0; path = "libPods-IMDBMovies.a"; sourceTree = BUILT_PRODUCTS_DIR; };
		58E6192979024D5A71D2290D /* Pods-IMDBMovies.debug.xcconfig */ = {isa = PBXFileReference; includeInIndex = 1; lastKnownFileType = text.xcconfig; name = "Pods-IMDBMovies.debug.xcconfig"; path = "Pods/Target Support Files/Pods-IMDBMovies/Pods-IMDBMovies.debug.xcconfig"; sourceTree = "<group>"; };
		7A317C1C1A34E14E0048BEA4 /* Social.framework */ = {isa = PBXFileReference; lastKnownFileType = wrapper.framework; name = Social.framework; path = System/Library/Frameworks/Social.framework; sourceTree = SDKROOT; };
		7A317C1E1A34E5660048BEA4 /* MessageUI.framework */ = {isa = PBXFileReference; lastKnownFileType = wrapper.framework; name = MessageUI.framework; path = System/Library/Frameworks/MessageUI.framework; sourceTree = SDKROOT; };
		7A317C201A3502610048BEA4 /* CoreData.framework */ = {isa = PBXFileReference; lastKnownFileType = wrapper.framework; name = CoreData.framework; path = System/Library/Frameworks/CoreData.framework; sourceTree = SDKROOT; };
		7A317C231A35D3380048BEA4 /* DataModel.xcdatamodel */ = {isa = PBXFileReference; lastKnownFileType = wrapper.xcdatamodel; path = DataModel.xcdatamodel; sourceTree = "<group>"; };
		7A317C251A35D54E0048BEA4 /* Movie.h */ = {isa = PBXFileReference; fileEncoding = 4; lastKnownFileType = sourcecode.c.h; path = Movie.h; sourceTree = "<group>"; };
		7A317C261A35D54E0048BEA4 /* Movie.m */ = {isa = PBXFileReference; fileEncoding = 4; lastKnownFileType = sourcecode.c.objc; path = Movie.m; sourceTree = "<group>"; };
		7A317C281A35E1E50048BEA4 /* HudView.h */ = {isa = PBXFileReference; fileEncoding = 4; lastKnownFileType = sourcecode.c.h; path = HudView.h; sourceTree = "<group>"; };
		7A317C291A35E1E50048BEA4 /* HudView.m */ = {isa = PBXFileReference; fileEncoding = 4; lastKnownFileType = sourcecode.c.objc; path = HudView.m; sourceTree = "<group>"; };
		7A3942CF1A332C660097AF58 /* IMDBMovies.app */ = {isa = PBXFileReference; explicitFileType = wrapper.application; includeInIndex = 0; path = IMDBMovies.app; sourceTree = BUILT_PRODUCTS_DIR; };
		7A3942D31A332C660097AF58 /* Info.plist */ = {isa = PBXFileReference; lastKnownFileType = text.plist.xml; path = Info.plist; sourceTree = "<group>"; };
		7A3942D41A332C660097AF58 /* main.m */ = {isa = PBXFileReference; lastKnownFileType = sourcecode.c.objc; path = main.m; sourceTree = "<group>"; };
		7A3942D61A332C660097AF58 /* AppDelegate.h */ = {isa = PBXFileReference; lastKnownFileType = sourcecode.c.h; path = AppDelegate.h; sourceTree = "<group>"; };
		7A3942D71A332C660097AF58 /* AppDelegate.m */ = {isa = PBXFileReference; lastKnownFileType = sourcecode.c.objc; path = AppDelegate.m; sourceTree = "<group>"; };
		7A3942D91A332C660097AF58 /* SearchViewController.h */ = {isa = PBXFileReference; lastKnownFileType = sourcecode.c.h; path = SearchViewController.h; sourceTree = "<group>"; };
		7A3942DA1A332C660097AF58 /* SearchViewController.m */ = {isa = PBXFileReference; lastKnownFileType = sourcecode.c.objc; path = SearchViewController.m; sourceTree = "<group>"; };
		7A3942DC1A332C660097AF58 /* BookmarksViewController.h */ = {isa = PBXFileReference; lastKnownFileType = sourcecode.c.h; path = BookmarksViewController.h; sourceTree = "<group>"; };
		7A3942DD1A332C660097AF58 /* BookmarksViewController.m */ = {isa = PBXFileReference; lastKnownFileType = sourcecode.c.objc; path = BookmarksViewController.m; sourceTree = "<group>"; };
		7A3942E01A332C660097AF58 /* Base */ = {isa = PBXFileReference; lastKnownFileType = file.storyboard; name = Base; path = Base.lproj/Main.storyboard; sourceTree = "<group>"; };
		7A3942E51A332C660097AF58 /* Base */ = {isa = PBXFileReference; lastKnownFileType = file.xib; name = Base; path = Base.lproj/LaunchScreen.xib; sourceTree = "<group>"; };
		7A3942EB1A332C670097AF58 /* IMDBMoviesTests.xctest */ = {isa = PBXFileReference; explicitFileType = wrapper.cfbundle; includeInIndex = 0; path = IMDBMoviesTests.xctest; sourceTree = BUILT_PRODUCTS_DIR; };
		7A3942F01A332C670097AF58 /* Info.plist */ = {isa = PBXFileReference; lastKnownFileType = text.plist.xml; path = Info.plist; sourceTree = "<group>"; };
		7A3942F11A332C670097AF58 /* IMDBMoviesTests.m */ = {isa = PBXFileReference; lastKnownFileType = sourcecode.c.objc; path = IMDBMoviesTests.m; sourceTree = "<group>"; };
		7A3942FB1A3331BF0097AF58 /* SearchResultCell.h */ = {isa = PBXFileReference; fileEncoding = 4; lastKnownFileType = sourcecode.c.h; path = SearchResultCell.h; sourceTree = "<group>"; };
		7A3942FC1A3331BF0097AF58 /* SearchResultCell.m */ = {isa = PBXFileReference; fileEncoding = 4; lastKnownFileType = sourcecode.c.objc; path = SearchResultCell.m; sourceTree = "<group>"; };
		7A3942FD1A3331BF0097AF58 /* SearchResultCell.xib */ = {isa = PBXFileReference; fileEncoding = 4; lastKnownFileType = file.xib; path = SearchResultCell.xib; sourceTree = "<group>"; };
		7A3943001A3336C70097AF58 /* NothingFoundCell.h */ = {isa = PBXFileReference; fileEncoding = 4; lastKnownFileType = sourcecode.c.h; path = NothingFoundCell.h; sourceTree = "<group>"; };
		7A3943011A3336C70097AF58 /* NothingFoundCell.m */ = {isa = PBXFileReference; fileEncoding = 4; lastKnownFileType = sourcecode.c.objc; path = NothingFoundCell.m; sourceTree = "<group>"; };
		7A3943021A3336C70097AF58 /* NothingFoundCell.xib */ = {isa = PBXFileReference; fileEncoding = 4; lastKnownFileType = file.xib; path = NothingFoundCell.xib; sourceTree = "<group>"; };
		7A3943071A3336DF0097AF58 /* LoadingCell.xib */ = {isa = PBXFileReference; fileEncoding = 4; lastKnownFileType = file.xib; path = LoadingCell.xib; sourceTree = "<group>"; };
		7A39430A1A33401E0097AF58 /* Search.h */ = {isa = PBXFileReference; fileEncoding = 4; lastKnownFileType = sourcecode.c.h; path = Search.h; sourceTree = "<group>"; };
		7A39430B1A33401E0097AF58 /* Search.m */ = {isa = PBXFileReference; fileEncoding = 4; lastKnownFileType = sourcecode.c.objc; path = Search.m; sourceTree = "<group>"; };
		7A39430D1A33451E0097AF58 /* SearchResult.h */ = {isa = PBXFileReference; fileEncoding = 4; lastKnownFileType = sourcecode.c.h; path = SearchResult.h; sourceTree = "<group>"; };
		7A39430E1A33451E0097AF58 /* SearchResult.m */ = {isa = PBXFileReference; fileEncoding = 4; lastKnownFileType = sourcecode.c.objc; path = SearchResult.m; sourceTree = "<group>"; };
		7ABD78941A35F6EA005A8C56 /* IMDBMovies-Prefix.pch */ = {isa = PBXFileReference; lastKnownFileType = sourcecode.c.h; path = "IMDBMovies-Prefix.pch"; sourceTree = "<group>"; };
		7ABD78971A35FC02005A8C56 /* NoBookmarksCell.xib */ = {isa = PBXFileReference; fileEncoding = 4; lastKnownFileType = file.xib; path = NoBookmarksCell.xib; sourceTree = "<group>"; };
		7ABD789A1A363681005A8C56 /* Images.xcassets */ = {isa = PBXFileReference; lastKnownFileType = folder.assetcatalog; path = Images.xcassets; sourceTree = "<group>"; };
		7ABF19101A33DC1B00995396 /* MovieDetailController.h */ = {isa = PBXFileReference; fileEncoding = 4; lastKnownFileType = sourcecode.c.h; path = MovieDetailController.h; sourceTree = "<group>"; };
		7ABF19111A33DC1B00995396 /* MovieDetailController.m */ = {isa = PBXFileReference; fileEncoding = 4; lastKnownFileType = sourcecode.c.objc; path = MovieDetailController.m; sourceTree = "<group>"; };
		E960D9853308362161B7EE96 /* Pods-IMDBMovies.release.xcconfig */ = {isa = PBXFileReference; includeInIndex = 1; lastKnownFileType = text.xcconfig; name = "Pods-IMDBMovies.release.xcconfig"; path = "Pods/Target Support Files/Pods-IMDBMovies/Pods-IMDBMovies.release.xcconfig"; sourceTree = "<group>"; };
/* End PBXFileReference section */

/* Begin PBXFrameworksBuildPhase section */
		7A3942CC1A332C660097AF58 /* Frameworks */ = {
			isa = PBXFrameworksBuildPhase;
			buildActionMask = 2147483647;
			files = (
				7A317C211A3502610048BEA4 /* CoreData.framework in Frameworks */,
				7A317C1F1A34E5660048BEA4 /* MessageUI.framework in Frameworks */,
				7A317C1D1A34E14E0048BEA4 /* Social.framework in Frameworks */,
				1027C8515A17DC5C1E719EA6 /* libPods-IMDBMovies.a in Frameworks */,
			);
			runOnlyForDeploymentPostprocessing = 0;
		};
		7A3942E81A332C670097AF58 /* Frameworks */ = {
			isa = PBXFrameworksBuildPhase;
			buildActionMask = 2147483647;
			files = (
			);
			runOnlyForDeploymentPostprocessing = 0;
		};
/* End PBXFrameworksBuildPhase section */

/* Begin PBXGroup section */
		2044AA60E216BD19BACFF695 /* Pods */ = {
			isa = PBXGroup;
			children = (
				58E6192979024D5A71D2290D /* Pods-IMDBMovies.debug.xcconfig */,
				E960D9853308362161B7EE96 /* Pods-IMDBMovies.release.xcconfig */,
			);
			name = Pods;
			sourceTree = "<group>";
		};
		7A3942C61A332C660097AF58 = {
			isa = PBXGroup;
			children = (
				7A3942D11A332C660097AF58 /* IMDBMovies */,
				7A3942EE1A332C670097AF58 /* IMDBMoviesTests */,
				7A3942D01A332C660097AF58 /* Products */,
				2044AA60E216BD19BACFF695 /* Pods */,
				92E4F8F15CD6AB3C5EB51559 /* Frameworks */,
			);
			sourceTree = "<group>";
		};
		7A3942D01A332C660097AF58 /* Products */ = {
			isa = PBXGroup;
			children = (
				7A3942CF1A332C660097AF58 /* IMDBMovies.app */,
				7A3942EB1A332C670097AF58 /* IMDBMoviesTests.xctest */,
			);
			name = Products;
			sourceTree = "<group>";
		};
		7A3942D11A332C660097AF58 /* IMDBMovies */ = {
			isa = PBXGroup;
			children = (
				7ABD789A1A363681005A8C56 /* Images.xcassets */,
				7A3942D61A332C660097AF58 /* AppDelegate.h */,
				7A3942D71A332C660097AF58 /* AppDelegate.m */,
				7A3942D91A332C660097AF58 /* SearchViewController.h */,
				7A3942DA1A332C660097AF58 /* SearchViewController.m */,
				7A3942DC1A332C660097AF58 /* BookmarksViewController.h */,
				7A3942DD1A332C660097AF58 /* BookmarksViewController.m */,
				7ABF19101A33DC1B00995396 /* MovieDetailController.h */,
				7ABF19111A33DC1B00995396 /* MovieDetailController.m */,
				7A3942DF1A332C660097AF58 /* Main.storyboard */,
				7A3943021A3336C70097AF58 /* NothingFoundCell.xib */,
				7A3943071A3336DF0097AF58 /* LoadingCell.xib */,
				7ABD78971A35FC02005A8C56 /* NoBookmarksCell.xib */,
				7A3942E41A332C660097AF58 /* LaunchScreen.xib */,
				7A3942FD1A3331BF0097AF58 /* SearchResultCell.xib */,
				7A3942FB1A3331BF0097AF58 /* SearchResultCell.h */,
				7A3942FC1A3331BF0097AF58 /* SearchResultCell.m */,
				7A3943001A3336C70097AF58 /* NothingFoundCell.h */,
				7A3943011A3336C70097AF58 /* NothingFoundCell.m */,
				7A39430A1A33401E0097AF58 /* Search.h */,
				7A39430B1A33401E0097AF58 /* Search.m */,
				7A39430D1A33451E0097AF58 /* SearchResult.h */,
				7A39430E1A33451E0097AF58 /* SearchResult.m */,
				7A317C251A35D54E0048BEA4 /* Movie.h */,
				7A317C261A35D54E0048BEA4 /* Movie.m */,
				7A317C281A35E1E50048BEA4 /* HudView.h */,
				7A317C291A35E1E50048BEA4 /* HudView.m */,
				7A317C221A35D3380048BEA4 /* DataModel.xcdatamodeld */,
				7A3942D21A332C660097AF58 /* Supporting Files */,
			);
			path = IMDBMovies;
			sourceTree = "<group>";
		};
		7A3942D21A332C660097AF58 /* Supporting Files */ = {
			isa = PBXGroup;
			children = (
				7A3942D31A332C660097AF58 /* Info.plist */,
				7A3942D41A332C660097AF58 /* main.m */,
				7ABD78941A35F6EA005A8C56 /* IMDBMovies-Prefix.pch */,
			);
			name = "Supporting Files";
			sourceTree = "<group>";
		};
		7A3942EE1A332C670097AF58 /* IMDBMoviesTests */ = {
			isa = PBXGroup;
			children = (
				7A3942F11A332C670097AF58 /* IMDBMoviesTests.m */,
				7A3942EF1A332C670097AF58 /* Supporting Files */,
			);
			path = IMDBMoviesTests;
			sourceTree = "<group>";
		};
		7A3942EF1A332C670097AF58 /* Supporting Files */ = {
			isa = PBXGroup;
			children = (
				7A3942F01A332C670097AF58 /* Info.plist */,
			);
			name = "Supporting Files";
			sourceTree = "<group>";
		};
		92E4F8F15CD6AB3C5EB51559 /* Frameworks */ = {
			isa = PBXGroup;
			children = (
				7A317C201A3502610048BEA4 /* CoreData.framework */,
				7A317C1E1A34E5660048BEA4 /* MessageUI.framework */,
				7A317C1C1A34E14E0048BEA4 /* Social.framework */,
				18453B8FC7AA9F37BC748636 /* libPods-IMDBMovies.a */,
			);
			name = Frameworks;
			sourceTree = "<group>";
		};
/* End PBXGroup section */

/* Begin PBXNativeTarget section */
		7A3942CE1A332C660097AF58 /* IMDBMovies */ = {
			isa = PBXNativeTarget;
			buildConfigurationList = 7A3942F51A332C670097AF58 /* Build configuration list for PBXNativeTarget "IMDBMovies" */;
			buildPhases = (
				ECD0AC604D2CDB7D3646FECF /* Check Pods Manifest.lock */,
				7A3942CB1A332C660097AF58 /* Sources */,
				7A3942CC1A332C660097AF58 /* Frameworks */,
				7A3942CD1A332C660097AF58 /* Resources */,
				17476B51756E045E696C2E15 /* Copy Pods Resources */,
			);
			buildRules = (
			);
			dependencies = (
			);
			name = IMDBMovies;
			productName = IMDBMovies;
			productReference = 7A3942CF1A332C660097AF58 /* IMDBMovies.app */;
			productType = "com.apple.product-type.application";
		};
		7A3942EA1A332C670097AF58 /* IMDBMoviesTests */ = {
			isa = PBXNativeTarget;
			buildConfigurationList = 7A3942F81A332C670097AF58 /* Build configuration list for PBXNativeTarget "IMDBMoviesTests" */;
			buildPhases = (
				7A3942E71A332C670097AF58 /* Sources */,
				7A3942E81A332C670097AF58 /* Frameworks */,
				7A3942E91A332C670097AF58 /* Resources */,
			);
			buildRules = (
			);
			dependencies = (
				7A3942ED1A332C670097AF58 /* PBXTargetDependency */,
			);
			name = IMDBMoviesTests;
			productName = IMDBMoviesTests;
			productReference = 7A3942EB1A332C670097AF58 /* IMDBMoviesTests.xctest */;
			productType = "com.apple.product-type.bundle.unit-test";
		};
/* End PBXNativeTarget section */

/* Begin PBXProject section */
		7A3942C71A332C660097AF58 /* Project object */ = {
			isa = PBXProject;
			attributes = {
				LastUpgradeCheck = 0610;
				ORGANIZATIONNAME = "Vasily Dumanov";
				TargetAttributes = {
					7A3942CE1A332C660097AF58 = {
						CreatedOnToolsVersion = 6.1;
					};
					7A3942EA1A332C670097AF58 = {
						CreatedOnToolsVersion = 6.1;
						TestTargetID = 7A3942CE1A332C660097AF58;
					};
				};
			};
			buildConfigurationList = 7A3942CA1A332C660097AF58 /* Build configuration list for PBXProject "IMDBMovies" */;
			compatibilityVersion = "Xcode 3.2";
			developmentRegion = English;
			hasScannedForEncodings = 0;
			knownRegions = (
				en,
				Base,
			);
			mainGroup = 7A3942C61A332C660097AF58;
			productRefGroup = 7A3942D01A332C660097AF58 /* Products */;
			projectDirPath = "";
			projectRoot = "";
			targets = (
				7A3942CE1A332C660097AF58 /* IMDBMovies */,
				7A3942EA1A332C670097AF58 /* IMDBMoviesTests */,
			);
		};
/* End PBXProject section */

/* Begin PBXResourcesBuildPhase section */
		7A3942CD1A332C660097AF58 /* Resources */ = {
			isa = PBXResourcesBuildPhase;
			buildActionMask = 2147483647;
			files = (
				7A3942E11A332C660097AF58 /* Main.storyboard in Resources */,
				7A3942FF1A3331BF0097AF58 /* SearchResultCell.xib in Resources */,
				7ABD789B1A363681005A8C56 /* Images.xcassets in Resources */,
				7A3943091A3336DF0097AF58 /* LoadingCell.xib in Resources */,
				7A3942E61A332C660097AF58 /* LaunchScreen.xib in Resources */,
				7ABD78991A35FC02005A8C56 /* NoBookmarksCell.xib in Resources */,
				7A3943041A3336C70097AF58 /* NothingFoundCell.xib in Resources */,
			);
			runOnlyForDeploymentPostprocessing = 0;
		};
		7A3942E91A332C670097AF58 /* Resources */ = {
			isa = PBXResourcesBuildPhase;
			buildActionMask = 2147483647;
			files = (
			);
			runOnlyForDeploymentPostprocessing = 0;
		};
/* End PBXResourcesBuildPhase section */

/* Begin PBXShellScriptBuildPhase section */
		17476B51756E045E696C2E15 /* Copy Pods Resources */ = {
			isa = PBXShellScriptBuildPhase;
			buildActionMask = 2147483647;
			files = (
			);
			inputPaths = (
			);
			name = "Copy Pods Resources";
			outputPaths = (
			);
			runOnlyForDeploymentPostprocessing = 0;
			shellPath = /bin/sh;
			shellScript = "\"${SRCROOT}/Pods/Target Support Files/Pods-IMDBMovies/Pods-IMDBMovies-resources.sh\"\n";
			showEnvVarsInLog = 0;
		};
		ECD0AC604D2CDB7D3646FECF /* Check Pods Manifest.lock */ = {
			isa = PBXShellScriptBuildPhase;
			buildActionMask = 2147483647;
			files = (
			);
			inputPaths = (
			);
			name = "Check Pods Manifest.lock";
			outputPaths = (
			);
			runOnlyForDeploymentPostprocessing = 0;
			shellPath = /bin/sh;
			shellScript = "diff \"${PODS_ROOT}/../Podfile.lock\" \"${PODS_ROOT}/Manifest.lock\" > /dev/null\nif [[ $? != 0 ]] ; then\n    cat << EOM\nerror: The sandbox is not in sync with the Podfile.lock. Run 'pod install' or update your CocoaPods installation.\nEOM\n    exit 1\nfi\n";
			showEnvVarsInLog = 0;
		};
/* End PBXShellScriptBuildPhase section */

/* Begin PBXSourcesBuildPhase section */
		7A3942CB1A332C660097AF58 /* Sources */ = {
			isa = PBXSourcesBuildPhase;
			buildActionMask = 2147483647;
			files = (
				7A317C241A35D3380048BEA4 /* DataModel.xcdatamodeld in Sources */,
				7A39430F1A33451E0097AF58 /* SearchResult.m in Sources */,
				7A3942DE1A332C660097AF58 /* BookmarksViewController.m in Sources */,
				7A39430C1A33401E0097AF58 /* Search.m in Sources */,
				7A3942D81A332C660097AF58 /* AppDelegate.m in Sources */,
				7A3943031A3336C70097AF58 /* NothingFoundCell.m in Sources */,
				7A317C271A35D54E0048BEA4 /* Movie.m in Sources */,
				7A317C2A1A35E1E50048BEA4 /* HudView.m in Sources */,
				7A3942FE1A3331BF0097AF58 /* SearchResultCell.m in Sources */,
				7A3942DB1A332C660097AF58 /* SearchViewController.m in Sources */,
				7A3942D51A332C660097AF58 /* main.m in Sources */,
				7ABF19121A33DC1B00995396 /* MovieDetailController.m in Sources */,
			);
			runOnlyForDeploymentPostprocessing = 0;
		};
		7A3942E71A332C670097AF58 /* Sources */ = {
			isa = PBXSourcesBuildPhase;
			buildActionMask = 2147483647;
			files = (
				7A3942F21A332C670097AF58 /* IMDBMoviesTests.m in Sources */,
			);
			runOnlyForDeploymentPostprocessing = 0;
		};
/* End PBXSourcesBuildPhase section */

/* Begin PBXTargetDependency section */
		7A3942ED1A332C670097AF58 /* PBXTargetDependency */ = {
			isa = PBXTargetDependency;
			target = 7A3942CE1A332C660097AF58 /* IMDBMovies */;
			targetProxy = 7A3942EC1A332C670097AF58 /* PBXContainerItemProxy */;
		};
/* End PBXTargetDependency section */

/* Begin PBXVariantGroup section */
		7A3942DF1A332C660097AF58 /* Main.storyboard */ = {
			isa = PBXVariantGroup;
			children = (
				7A3942E01A332C660097AF58 /* Base */,
			);
			name = Main.storyboard;
			sourceTree = "<group>";
		};
		7A3942E41A332C660097AF58 /* LaunchScreen.xib */ = {
			isa = PBXVariantGroup;
			children = (
				7A3942E51A332C660097AF58 /* Base */,
			);
			name = LaunchScreen.xib;
			sourceTree = "<group>";
		};
/* End PBXVariantGroup section */

/* Begin XCBuildConfiguration section */
		7A3942F31A332C670097AF58 /* Debug */ = {
			isa = XCBuildConfiguration;
			buildSettings = {
				ALWAYS_SEARCH_USER_PATHS = NO;
				CLANG_CXX_LANGUAGE_STANDARD = "gnu++0x";
				CLANG_CXX_LIBRARY = "libc++";
				CLANG_ENABLE_MODULES = YES;
				CLANG_ENABLE_OBJC_ARC = YES;
				CLANG_WARN_BOOL_CONVERSION = YES;
				CLANG_WARN_CONSTANT_CONVERSION = YES;
				CLANG_WARN_DIRECT_OBJC_ISA_USAGE = YES_ERROR;
				CLANG_WARN_EMPTY_BODY = YES;
				CLANG_WARN_ENUM_CONVERSION = YES;
				CLANG_WARN_INT_CONVERSION = YES;
				CLANG_WARN_OBJC_ROOT_CLASS = YES_ERROR;
				CLANG_WARN_UNREACHABLE_CODE = YES;
				CLANG_WARN__DUPLICATE_METHOD_MATCH = YES;
				"CODE_SIGN_IDENTITY[sdk=iphoneos*]" = "iPhone Developer";
				COPY_PHASE_STRIP = NO;
				ENABLE_STRICT_OBJC_MSGSEND = YES;
				GCC_C_LANGUAGE_STANDARD = gnu99;
				GCC_DYNAMIC_NO_PIC = NO;
				GCC_OPTIMIZATION_LEVEL = 0;
				GCC_PRECOMPILE_PREFIX_HEADER = YES;
				GCC_PREFIX_HEADER = "IMDBMovies/IMDBMovies-Prefix.pch";
				GCC_PREPROCESSOR_DEFINITIONS = (
					"DEBUG=1",
					"$(inherited)",
				);
				GCC_SYMBOLS_PRIVATE_EXTERN = NO;
				GCC_WARN_64_TO_32_BIT_CONVERSION = YES;
				GCC_WARN_ABOUT_RETURN_TYPE = YES_ERROR;
				GCC_WARN_UNDECLARED_SELECTOR = YES;
				GCC_WARN_UNINITIALIZED_AUTOS = YES_AGGRESSIVE;
				GCC_WARN_UNUSED_FUNCTION = YES;
				GCC_WARN_UNUSED_VARIABLE = YES;
				IPHONEOS_DEPLOYMENT_TARGET = 7.0;
				MTL_ENABLE_DEBUG_INFO = YES;
				ONLY_ACTIVE_ARCH = YES;
				SDKROOT = iphoneos;
			};
			name = Debug;
		};
		7A3942F41A332C670097AF58 /* Release */ = {
			isa = XCBuildConfiguration;
			buildSettings = {
				ALWAYS_SEARCH_USER_PATHS = NO;
				CLANG_CXX_LANGUAGE_STANDARD = "gnu++0x";
				CLANG_CXX_LIBRARY = "libc++";
				CLANG_ENABLE_MODULES = YES;
				CLANG_ENABLE_OBJC_ARC = YES;
				CLANG_WARN_BOOL_CONVERSION = YES;
				CLANG_WARN_CONSTANT_CONVERSION = YES;
				CLANG_WARN_DIRECT_OBJC_ISA_USAGE = YES_ERROR;
				CLANG_WARN_EMPTY_BODY = YES;
				CLANG_WARN_ENUM_CONVERSION = YES;
				CLANG_WARN_INT_CONVERSION = YES;
				CLANG_WARN_OBJC_ROOT_CLASS = YES_ERROR;
				CLANG_WARN_UNREACHABLE_CODE = YES;
				CLANG_WARN__DUPLICATE_METHOD_MATCH = YES;
				"CODE_SIGN_IDENTITY[sdk=iphoneos*]" = "iPhone Developer";
				COPY_PHASE_STRIP = YES;
				ENABLE_NS_ASSERTIONS = NO;
				ENABLE_STRICT_OBJC_MSGSEND = YES;
				GCC_C_LANGUAGE_STANDARD = gnu99;
				GCC_PRECOMPILE_PREFIX_HEADER = YES;
				GCC_PREFIX_HEADER = "IMDBMovies/IMDBMovies-Prefix.pch";
				GCC_WARN_64_TO_32_BIT_CONVERSION = YES;
				GCC_WARN_ABOUT_RETURN_TYPE = YES_ERROR;
				GCC_WARN_UNDECLARED_SELECTOR = YES;
				GCC_WARN_UNINITIALIZED_AUTOS = YES_AGGRESSIVE;
				GCC_WARN_UNUSED_FUNCTION = YES;
				GCC_WARN_UNUSED_VARIABLE = YES;
				IPHONEOS_DEPLOYMENT_TARGET = 7.0;
				MTL_ENABLE_DEBUG_INFO = NO;
				SDKROOT = iphoneos;
				VALIDATE_PRODUCT = YES;
			};
			name = Release;
		};
		7A3942F61A332C670097AF58 /* Debug */ = {
			isa = XCBuildConfiguration;
			baseConfigurationReference = 58E6192979024D5A71D2290D /* Pods-IMDBMovies.debug.xcconfig */;
			buildSettings = {
				ASSETCATALOG_COMPILER_APPICON_NAME = AppIcon;
				ASSETCATALOG_COMPILER_LAUNCHIMAGE_NAME = LaunchImage;
				INFOPLIST_FILE = IMDBMovies/Info.plist;
				LD_RUNPATH_SEARCH_PATHS = "$(inherited) @executable_path/Frameworks";
				PRODUCT_NAME = "$(TARGET_NAME)";
			};
			name = Debug;
		};
		7A3942F71A332C670097AF58 /* Release */ = {
			isa = XCBuildConfiguration;
			baseConfigurationReference = E960D9853308362161B7EE96 /* Pods-IMDBMovies.release.xcconfig */;
			buildSettings = {
				ASSETCATALOG_COMPILER_APPICON_NAME = AppIcon;
				ASSETCATALOG_COMPILER_LAUNCHIMAGE_NAME = LaunchImage;
				INFOPLIST_FILE = IMDBMovies/Info.plist;
				LD_RUNPATH_SEARCH_PATHS = "$(inherited) @executable_path/Frameworks";
				PRODUCT_NAME = "$(TARGET_NAME)";
			};
			name = Release;
		};
		7A3942F91A332C670097AF58 /* Debug */ = {
			isa = XCBuildConfiguration;
			buildSettings = {
				BUNDLE_LOADER = "$(TEST_HOST)";
				FRAMEWORK_SEARCH_PATHS = (
					"$(SDKROOT)/Developer/Library/Frameworks",
					"$(inherited)",
				);
				GCC_PREPROCESSOR_DEFINITIONS = (
					"DEBUG=1",
					"$(inherited)",
				);
				INFOPLIST_FILE = IMDBMoviesTests/Info.plist;
				LD_RUNPATH_SEARCH_PATHS = "$(inherited) @executable_path/Frameworks @loader_path/Frameworks";
				PRODUCT_NAME = "$(TARGET_NAME)";
				TEST_HOST = "$(BUILT_PRODUCTS_DIR)/IMDBMovies.app/IMDBMovies";
			};
			name = Debug;
		};
		7A3942FA1A332C670097AF58 /* Release */ = {
			isa = XCBuildConfiguration;
			buildSettings = {
				BUNDLE_LOADER = "$(TEST_HOST)";
				FRAMEWORK_SEARCH_PATHS = (
					"$(SDKROOT)/Developer/Library/Frameworks",
					"$(inherited)",
				);
				INFOPLIST_FILE = IMDBMoviesTests/Info.plist;
				LD_RUNPATH_SEARCH_PATHS = "$(inherited) @executable_path/Frameworks @loader_path/Frameworks";
				PRODUCT_NAME = "$(TARGET_NAME)";
				TEST_HOST = "$(BUILT_PRODUCTS_DIR)/IMDBMovies.app/IMDBMovies";
			};
			name = Release;
		};
/* End XCBuildConfiguration section */

/* Begin XCConfigurationList section */
		7A3942CA1A332C660097AF58 /* Build configuration list for PBXProject "IMDBMovies" */ = {
			isa = XCConfigurationList;
			buildConfigurations = (
				7A3942F31A332C670097AF58 /* Debug */,
				7A3942F41A332C670097AF58 /* Release */,
			);
			defaultConfigurationIsVisible = 0;
			defaultConfigurationName = Release;
		};
		7A3942F51A332C670097AF58 /* Build configuration list for PBXNativeTarget "IMDBMovies" */ = {
			isa = XCConfigurationList;
			buildConfigurations = (
				7A3942F61A332C670097AF58 /* Debug */,
				7A3942F71A332C670097AF58 /* Release */,
			);
			defaultConfigurationIsVisible = 0;
			defaultConfigurationName = Release;
		};
		7A3942F81A332C670097AF58 /* Build configuration list for PBXNativeTarget "IMDBMoviesTests" */ = {
			isa = XCConfigurationList;
			buildConfigurations = (
				7A3942F91A332C670097AF58 /* Debug */,
				7A3942FA1A332C670097AF58 /* Release */,
			);
			defaultConfigurationIsVisible = 0;
			defaultConfigurationName = Release;
		};
/* End XCConfigurationList section */

/* Begin XCVersionGroup section */
		7A317C221A35D3380048BEA4 /* DataModel.xcdatamodeld */ = {
			isa = XCVersionGroup;
			children = (
				7A317C231A35D3380048BEA4 /* DataModel.xcdatamodel */,
			);
			currentVersion = 7A317C231A35D3380048BEA4 /* DataModel.xcdatamodel */;
			path = DataModel.xcdatamodeld;
			sourceTree = "<group>";
			versionGroupType = wrapper.xcdatamodel;
		};
/* End XCVersionGroup section */
	};
	rootObject = 7A3942C71A332C660097AF58 /* Project object */;
}
